// !$*UTF8*$!
{
	archiveVersion = 1;
	classes = {
	};
	objectVersion = 46;
	objects = {

/* Begin PBXBuildFile section */
		DF0F6D351D6F5DEA00D4B2DC /* AppDelegate.swift in Sources */ = {isa = PBXBuildFile; fileRef = DF0F6D341D6F5DEA00D4B2DC /* AppDelegate.swift */; };
		DF0F6D371D6F5DEA00D4B2DC /* ViewController.swift in Sources */ = {isa = PBXBuildFile; fileRef = DF0F6D361D6F5DEA00D4B2DC /* ViewController.swift */; };
		DF0F6D3A1D6F5DEA00D4B2DC /* Main.storyboard in Resources */ = {isa = PBXBuildFile; fileRef = DF0F6D381D6F5DEA00D4B2DC /* Main.storyboard */; };
		DF0F6D3C1D6F5DEA00D4B2DC /* Assets.xcassets in Resources */ = {isa = PBXBuildFile; fileRef = DF0F6D3B1D6F5DEA00D4B2DC /* Assets.xcassets */; };
		DF0F6D3F1D6F5DEA00D4B2DC /* LaunchScreen.storyboard in Resources */ = {isa = PBXBuildFile; fileRef = DF0F6D3D1D6F5DEA00D4B2DC /* LaunchScreen.storyboard */; };
		DF0F6D471D6F5E1F00D4B2DC /* data.json in Resources */ = {isa = PBXBuildFile; fileRef = DF0F6D461D6F5E1F00D4B2DC /* data.json */; };
/* End PBXBuildFile section */

/* Begin PBXFileReference section */
		DF0F6D311D6F5DEA00D4B2DC /* qutes.app */ = {isa = PBXFileReference; explicitFileType = wrapper.application; includeInIndex = 0; path = qutes.app; sourceTree = BUILT_PRODUCTS_DIR; };
		DF0F6D341D6F5DEA00D4B2DC /* AppDelegate.swift */ = {isa = PBXFileReference; lastKnownFileType = sourcecode.swift; path = AppDelegate.swift; sourceTree = "<group>"; };
		DF0F6D361D6F5DEA00D4B2DC /* ViewController.swift */ = {isa = PBXFileReference; lastKnownFileType = sourcecode.swift; path = ViewController.swift; sourceTree = "<group>"; };
		DF0F6D391D6F5DEA00D4B2DC /* Base */ = {isa = PBXFileReference; lastKnownFileType = file.storyboard; name = Base; path = Base.lproj/Main.storyboard; sourceTree = "<group>"; };
		DF0F6D3B1D6F5DEA00D4B2DC /* Assets.xcassets */ = {isa = PBXFileReference; lastKnownFileType = folder.assetcatalog; path = Assets.xcassets; sourceTree = "<group>"; };
		DF0F6D3E1D6F5DEA00D4B2DC /* Base */ = {isa = PBXFileReference; lastKnownFileType = file.storyboard; name = Base; path = Base.lproj/LaunchScreen.storyboard; sourceTree = "<group>"; };
		DF0F6D401D6F5DEA00D4B2DC /* Info.plist */ = {isa = PBXFileReference; lastKnownFileType = text.plist.xml; path = Info.plist; sourceTree = "<group>"; };
		DF0F6D461D6F5E1F00D4B2DC /* data.json */ = {isa = PBXFileReference; fileEncoding = 4; lastKnownFileType = text.json; path = data.json; sourceTree = "<group>"; };
/* End PBXFileReference section */

/* Begin PBXFrameworksBuildPhase section */
		DF0F6D2E1D6F5DEA00D4B2DC /* Frameworks */ = {
			isa = PBXFrameworksBuildPhase;
			buildActionMask = 2147483647;
			files = (
			);
			runOnlyForDeploymentPostprocessing = 0;
		};
/* End PBXFrameworksBuildPhase section */

/* Begin PBXGroup section */
		DF0F6D281D6F5DEA00D4B2DC = {
			isa = PBXGroup;
			children = (
				DF0F6D331D6F5DEA00D4B2DC /* qutes */,
				DF0F6D321D6F5DEA00D4B2DC /* Products */,
			);
			sourceTree = "<group>";
		};
		DF0F6D321D6F5DEA00D4B2DC /* Products */ = {
			isa = PBXGroup;
			children = (
				DF0F6D311D6F5DEA00D4B2DC /* qutes.app */,
			);
			name = Products;
			sourceTree = "<group>";
		};
		DF0F6D331D6F5DEA00D4B2DC /* qutes */ = {
			isa = PBXGroup;
			children = (
				DF0F6D341D6F5DEA00D4B2DC /* AppDelegate.swift */,
				DF0F6D361D6F5DEA00D4B2DC /* ViewController.swift */,
				DF0F6D461D6F5E1F00D4B2DC /* data.json */,
				DF0F6D381D6F5DEA00D4B2DC /* Main.storyboard */,
				DF0F6D3B1D6F5DEA00D4B2DC /* Assets.xcassets */,
				DF0F6D3D1D6F5DEA00D4B2DC /* LaunchScreen.storyboard */,
				DF0F6D401D6F5DEA00D4B2DC /* Info.plist */,
			);
			path = qutes;
			sourceTree = "<group>";
		};
/* End PBXGroup section */

/* Begin PBXNativeTarget section */
		DF0F6D301D6F5DEA00D4B2DC /* qutes */ = {
			isa = PBXNativeTarget;
			buildConfigurationList = DF0F6D431D6F5DEA00D4B2DC /* Build configuration list for PBXNativeTarget "qutes" */;
			buildPhases = (
				DF0F6D2D1D6F5DEA00D4B2DC /* Sources */,
				DF0F6D2E1D6F5DEA00D4B2DC /* Frameworks */,
				DF0F6D2F1D6F5DEA00D4B2DC /* Resources */,
			);
			buildRules = (
			);
			dependencies = (
			);
			name = qutes;
			productName = qutes;
			productReference = DF0F6D311D6F5DEA00D4B2DC /* qutes.app */;
			productType = "com.apple.product-type.application";
		};
/* End PBXNativeTarget section */

/* Begin PBXProject section */
		DF0F6D291D6F5DEA00D4B2DC /* Project object */ = {
			isa = PBXProject;
			attributes = {
				LastSwiftUpdateCheck = 0730;
				LastUpgradeCheck = 0730;
				ORGANIZATIONNAME = DmytroRyshchuk;
				TargetAttributes = {
					DF0F6D301D6F5DEA00D4B2DC = {
						CreatedOnToolsVersion = 7.3;
					};
				};
			};
			buildConfigurationList = DF0F6D2C1D6F5DEA00D4B2DC /* Build configuration list for PBXProject "qutes" */;
			compatibilityVersion = "Xcode 3.2";
			developmentRegion = English;
			hasScannedForEncodings = 0;
			knownRegions = (
				en,
				Base,
			);
			mainGroup = DF0F6D281D6F5DEA00D4B2DC;
			productRefGroup = DF0F6D321D6F5DEA00D4B2DC /* Products */;
			projectDirPath = "";
			projectRoot = "";
			targets = (
				DF0F6D301D6F5DEA00D4B2DC /* qutes */,
			);
		};
/* End PBXProject section */

/* Begin PBXResourcesBuildPhase section */
		DF0F6D2F1D6F5DEA00D4B2DC /* Resources */ = {
			isa = PBXResourcesBuildPhase;
			buildActionMask = 2147483647;
			files = (
				DF0F6D3F1D6F5DEA00D4B2DC /* LaunchScreen.storyboard in Resources */,
				DF0F6D3C1D6F5DEA00D4B2DC /* Assets.xcassets in Resources */,
				DF0F6D3A1D6F5DEA00D4B2DC /* Main.storyboard in Resources */,
				DF0F6D471D6F5E1F00D4B2DC /* data.json in Resources */,
			);
			runOnlyForDeploymentPostprocessing = 0;
		};
/* End PBXResourcesBuildPhase section */

/* Begin PBXSourcesBuildPhase section */
		DF0F6D2D1D6F5DEA00D4B2DC /* Sources */ = {
			isa = PBXSourcesBuildPhase;
			buildActionMask = 2147483647;
			files = (
				DF0F6D371D6F5DEA00D4B2DC /* ViewController.swift in Sources */,
				DF0F6D351D6F5DEA00D4B2DC /* AppDelegate.swift in Sources */,
			);
			runOnlyForDeploymentPostprocessing = 0;
		};
/* End PBXSourcesBuildPhase section */

/* Begin PBXVariantGroup section */
		DF0F6D381D6F5DEA00D4B2DC /* Main.storyboard */ = {
			isa = PBXVariantGroup;
			children = (
				DF0F6D391D6F5DEA00D4B2DC /* Base */,
			);
			name = Main.storyboard;
			sourceTree = "<group>";
		};
		DF0F6D3D1D6F5DEA00D4B2DC /* LaunchScreen.storyboard */ = {
			isa = PBXVariantGroup;
			children = (
				DF0F6D3E1D6F5DEA00D4B2DC /* Base */,
			);
			name = LaunchScreen.storyboard;
			sourceTree = "<group>";
		};
/* End PBXVariantGroup section */

/* Begin XCBuildConfiguration section */
		DF0F6D411D6F5DEA00D4B2DC /* Debug */ = {
			isa = XCBuildConfiguration;
			buildSettings = {
				ALWAYS_SEARCH_USER_PATHS = NO;
				CLANG_ANALYZER_NONNULL = YES;
				CLANG_CXX_LANGUAGE_STANDARD = "gnu++0x";
				CLANG_CXX_LIBRARY = "libc++";
				CLANG_ENABLE_MODULES = YES;
				CLANG_ENABLE_OBJC_ARC = YES;
				CLANG_WARN_BOOL_CONVERSION = YES;
				CLANG_WARN_CONSTANT_CONVERSION = YES;
				CLANG_WARN_DIRECT_OBJC_ISA_USAGE = YES_ERROR;
				CLANG_WARN_EMPTY_BODY = YES;
				CLANG_WARN_ENUM_CONVERSION = YES;
				CLANG_WARN_INT_CONVERSION = YES;
				CLANG_WARN_OBJC_ROOT_CLASS = YES_ERROR;
				CLANG_WARN_UNREACHABLE_CODE = YES;
				CLANG_WARN__DUPLICATE_METHOD_MATCH = YES;
				"CODE_SIGN_IDENTITY[sdk=iphoneos*]" = "iPhone Developer";
				COPY_PHASE_STRIP = NO;
				DEBUG_INFORMATION_FORMAT = dwarf;
				ENABLE_STRICT_OBJC_MSGSEND = YES;
				ENABLE_TESTABILITY = YES;
				GCC_C_LANGUAGE_STANDARD = gnu99;
				GCC_DYNAMIC_NO_PIC = NO;
				GCC_NO_COMMON_BLOCKS = YES;
				GCC_OPTIMIZATION_LEVEL = 0;
				GCC_PREPROCESSOR_DEFINITIONS = (
					"DEBUG=1",
					"$(inherited)",
				);
				GCC_WARN_64_TO_32_BIT_CONVERSION = YES;
				GCC_WARN_ABOUT_RETURN_TYPE = YES_ERROR;
				GCC_WARN_UNDECLARED_SELECTOR = YES;
				GCC_WARN_UNINITIALIZED_AUTOS = YES_AGGRESSIVE;
				GCC_WARN_UNUSED_FUNCTION = YES;
				GCC_WARN_UNUSED_VARIABLE = YES;
				IPHONEOS_DEPLOYMENT_TARGET = 9.3;
				MTL_ENABLE_DEBUG_INFO = YES;
				ONLY_ACTIVE_ARCH = YES;
				SDKROOT = iphoneos;
				SWIFT_OPTIMIZATION_LEVEL = "-Onone";
				TARGETED_DEVICE_FAMILY = "1,2";
			};
			name = Debug;
		};
		DF0F6D421D6F5DEA00D4B2DC /* Release */ = {
			isa = XCBuildConfiguration;
			buildSettings = {
				ALWAYS_SEARCH_USER_PATHS = NO;
				CLANG_ANALYZER_NONNULL = YES;
				CLANG_CXX_LANGUAGE_STANDARD = "gnu++0x";
				CLANG_CXX_LIBRARY = "libc++";
				CLANG_ENABLE_MODULES = YES;
				CLANG_ENABLE_OBJC_ARC = YES;
				CLANG_WARN_BOOL_CONVERSION = YES;
				CLANG_WARN_CONSTANT_CONVERSION = YES;
				CLANG_WARN_DIRECT_OBJC_ISA_USAGE = YES_ERROR;
				CLANG_WARN_EMPTY_BODY = YES;
				CLANG_WARN_ENUM_CONVERSION = YES;
				CLANG_WARN_INT_CONVERSION = YES;
				CLANG_WARN_OBJC_ROOT_CLASS = YES_ERROR;
				CLANG_WARN_UNREACHABLE_CODE = YES;
				CLANG_WARN__DUPLICATE_METHOD_MATCH = YES;
				"CODE_SIGN_IDENTITY[sdk=iphoneos*]" = "iPhone Developer";
				COPY_PHASE_STRIP = NO;
				DEBUG_INFORMATION_FORMAT = "dwarf-with-dsym";
				ENABLE_NS_ASSERTIONS = NO;
				ENABLE_STRICT_OBJC_MSGSEND = YES;
				GCC_C_LANGUAGE_STANDARD = gnu99;
				GCC_NO_COMMON_BLOCKS = YES;
				GCC_WARN_64_TO_32_BIT_CONVERSION = YES;
				GCC_WARN_ABOUT_RETURN_TYPE = YES_ERROR;
				GCC_WARN_UNDECLARED_SELECTOR = YES;
				GCC_WARN_UNINITIALIZED_AUTOS = YES_AGGRESSIVE;
				GCC_WARN_UNUSED_FUNCTION = YES;
				GCC_WARN_UNUSED_VARIABLE = YES;
				IPHONEOS_DEPLOYMENT_TARGET = 9.3;
				MTL_ENABLE_DEBUG_INFO = NO;
				SDKROOT = iphoneos;
				TARGETED_DEVICE_FAMILY = "1,2";
				VALIDATE_PRODUCT = YES;
			};
			name = Release;
		};
		DF0F6D441D6F5DEA00D4B2DC /* Debug */ = {
			isa = XCBuildConfiguration;
			buildSettings = {
				ASSETCATALOG_COMPILER_APPICON_NAME = AppIcon;
				INFOPLIST_FILE = qutes/Info.plist;
				LD_RUNPATH_SEARCH_PATHS = "$(inherited) @executable_path/Frameworks";
				PRODUCT_BUNDLE_IDENTIFIER = com.Dipe.qutes;
				PRODUCT_NAME = "$(TARGET_NAME)";
			};
			name = Debug;
		};
		DF0F6D451D6F5DEA00D4B2DC /* Release */ = {
			isa = XCBuildConfiguration;
			buildSettings = {
				ASSETCATALOG_COMPILER_APPICON_NAME = AppIcon;
				INFOPLIST_FILE = qutes/Info.plist;
				LD_RUNPATH_SEARCH_PATHS = "$(inherited) @executable_path/Frameworks";
				PRODUCT_BUNDLE_IDENTIFIER = com.Dipe.qutes;
				PRODUCT_NAME = "$(TARGET_NAME)";
			};
			name = Release;
		};
/* End XCBuildConfiguration section */

/* Begin XCConfigurationList section */
		DF0F6D2C1D6F5DEA00D4B2DC /* Build configuration list for PBXProject "qutes" */ = {
			isa = XCConfigurationList;
			buildConfigurations = (
				DF0F6D411D6F5DEA00D4B2DC /* Debug */,
				DF0F6D421D6F5DEA00D4B2DC /* Release */,
			);
			defaultConfigurationIsVisible = 0;
			defaultConfigurationName = Release;
		};
		DF0F6D431D6F5DEA00D4B2DC /* Build configuration list for PBXNativeTarget "qutes" */ = {
			isa = XCConfigurationList;
			buildConfigurations = (
				DF0F6D441D6F5DEA00D4B2DC /* Debug */,
				DF0F6D451D6F5DEA00D4B2DC /* Release */,
			);
			defaultConfigurationIsVisible = 0;
			defaultConfigurationName = Release;
		};
/* End XCConfigurationList section */
	};
	rootObject = DF0F6D291D6F5DEA00D4B2DC /* Project object */;
}
